
Microsoft Visual Studio Solution File, Format Version 12.00
# Visual Studio Version 16
VisualStudioVersion = 16.0.31129.286
MinimumVisualStudioVersion = 10.0.40219.1
Project("{9A19103F-16F7-4668-BE54-9A1E7A4F7556}") = "Otomasyon", "Otomasyon\Otomasyon.csproj", "{2F41FF33-F0F7-4A35-80E2-D74E12FC5FBA}"
EndProject
Global
	GlobalSection(SolutionConfigurationPlatforms) = preSolution
		Debug|Any CPU = Debug|Any CPU
		Release|Any CPU = Release|Any CPU
	EndGlobalSection
	GlobalSection(ProjectConfigurationPlatforms) = postSolution
		{2F41FF33-F0F7-4A35-80E2-D74E12FC5FBA}.Debug|Any CPU.ActiveCfg = Debug|Any CPU
		{2F41FF33-F0F7-4A35-80E2-D74E12FC5FBA}.Debug|Any CPU.Build.0 = Debug|Any CPU
		{2F41FF33-F0F7-4A35-80E2-D74E12FC5FBA}.Release|Any CPU.ActiveCfg = Release|Any CPU
		{2F41FF33-F0F7-4A35-80E2-D74E12FC5FBA}.Release|Any CPU.Build.0 = Release|Any CPU
	EndGlobalSection
	GlobalSection(SolutionProperties) = preSolution
		HideSolutionNode = FALSE
	EndGlobalSection
	GlobalSection(ExtensibilityGlobals) = postSolution
		SolutionGuid = {AB1E9976-8E19-43B3-8B06-068201218ACC}
	EndGlobalSection
EndGlobal
